// !$*UTF8*$!
{
	archiveVersion = 1;
	classes = {
	};
	objectVersion = 47;
	objects = {

/* Begin PBXBuildFile section */
		4D2A32A41D5624F90086D43C /* AppDelegate.swift in Sources */ = {isa = PBXBuildFile; fileRef = 4D2A32A31D5624F90086D43C /* AppDelegate.swift */; };
		4D2A32A61D5624F90086D43C /* ViewController.swift in Sources */ = {isa = PBXBuildFile; fileRef = 4D2A32A51D5624F90086D43C /* ViewController.swift */; };
		4D2A32A91D5624FA0086D43C /* Main.storyboard in Resources */ = {isa = PBXBuildFile; fileRef = 4D2A32A71D5624FA0086D43C /* Main.storyboard */; };
		4D2A32AC1D5624FA0086D43C /* Skeleton.xcdatamodeld in Sources */ = {isa = PBXBuildFile; fileRef = 4D2A32AA1D5624FA0086D43C /* Skeleton.xcdatamodeld */; };
		4D2A32AE1D5624FA0086D43C /* Assets.xcassets in Resources */ = {isa = PBXBuildFile; fileRef = 4D2A32AD1D5624FA0086D43C /* Assets.xcassets */; };
		4D2A32B11D5624FA0086D43C /* LaunchScreen.storyboard in Resources */ = {isa = PBXBuildFile; fileRef = 4D2A32AF1D5624FA0086D43C /* LaunchScreen.storyboard */; };
		4D2A32BC1D5624FA0086D43C /* SkeletonTests.swift in Sources */ = {isa = PBXBuildFile; fileRef = 4D2A32BB1D5624FA0086D43C /* SkeletonTests.swift */; };
		4D2A32C71D5624FA0086D43C /* SkeletonUITests.swift in Sources */ = {isa = PBXBuildFile; fileRef = 4D2A32C61D5624FA0086D43C /* SkeletonUITests.swift */; };
		4D2A32D51D5631620086D43C /* StoreManager.swift in Sources */ = {isa = PBXBuildFile; fileRef = 4D2A32D41D5631620086D43C /* StoreManager.swift */; };
		4D2A32D71D5631B10086D43C /* Log.swift in Sources */ = {isa = PBXBuildFile; fileRef = 4D2A32D61D5631B10086D43C /* Log.swift */; };
		4D2A32D91D5631DC0086D43C /* Memory.swift in Sources */ = {isa = PBXBuildFile; fileRef = 4D2A32D81D5631DC0086D43C /* Memory.swift */; };
		4D2A32DB1D5632040086D43C /* Config.swift in Sources */ = {isa = PBXBuildFile; fileRef = 4D2A32DA1D5632040086D43C /* Config.swift */; };
		4D2A32DD1D5632E30086D43C /* MemoryMonitor.swift in Sources */ = {isa = PBXBuildFile; fileRef = 4D2A32DC1D5632E30086D43C /* MemoryMonitor.swift */; };
		4D2A32DF1D5633130086D43C /* Alerts.swift in Sources */ = {isa = PBXBuildFile; fileRef = 4D2A32DE1D5633130086D43C /* Alerts.swift */; };
		4D2A32E11D56342C0086D43C /* Controller.swift in Sources */ = {isa = PBXBuildFile; fileRef = 4D2A32E01D56342C0086D43C /* Controller.swift */; };
		4D2A32E31D5634620086D43C /* OnTap.swift in Sources */ = {isa = PBXBuildFile; fileRef = 4D2A32E21D5634620086D43C /* OnTap.swift */; };
		4D2A32E51D5634870086D43C /* Named.swift in Sources */ = {isa = PBXBuildFile; fileRef = 4D2A32E41D5634870086D43C /* Named.swift */; };
		4D2A32E71D564F1A0086D43C /* Buttons.swift in Sources */ = {isa = PBXBuildFile; fileRef = 4D2A32E61D564F1A0086D43C /* Buttons.swift */; };
		4D2A32E91D564FA00086D43C /* TextButton.swift in Sources */ = {isa = PBXBuildFile; fileRef = 4D2A32E81D564FA00086D43C /* TextButton.swift */; };
		4D2A32EB1D564FCC0086D43C /* Sized.swift in Sources */ = {isa = PBXBuildFile; fileRef = 4D2A32EA1D564FCC0086D43C /* Sized.swift */; };
		4D2A32ED1D5650010086D43C /* Fonts.swift in Sources */ = {isa = PBXBuildFile; fileRef = 4D2A32EC1D5650010086D43C /* Fonts.swift */; };
		4D2A32EF1D5650980086D43C /* Layout.swift in Sources */ = {isa = PBXBuildFile; fileRef = 4D2A32EE1D5650980086D43C /* Layout.swift */; };
		4D2A32F11D5652800086D43C /* Windows.swift in Sources */ = {isa = PBXBuildFile; fileRef = 4D2A32F01D5652800086D43C /* Windows.swift */; };
		4D2A32F31D5652E30086D43C /* WindowExtensions.swift in Sources */ = {isa = PBXBuildFile; fileRef = 4D2A32F21D5652E30086D43C /* WindowExtensions.swift */; };
		4D2A32F51D5653290086D43C /* InstanceCounter.swift in Sources */ = {isa = PBXBuildFile; fileRef = 4D2A32F41D5653290086D43C /* InstanceCounter.swift */; };
		4D2A32F71D5656650086D43C /* Colors.swift in Sources */ = {isa = PBXBuildFile; fileRef = 4D2A32F61D5656650086D43C /* Colors.swift */; };
/* End PBXBuildFile section */

/* Begin PBXContainerItemProxy section */
		4D2A32B81D5624FA0086D43C /* PBXContainerItemProxy */ = {
			isa = PBXContainerItemProxy;
			containerPortal = 4D2A32981D5624F90086D43C /* Project object */;
			proxyType = 1;
			remoteGlobalIDString = 4D2A329F1D5624F90086D43C;
			remoteInfo = Skeleton;
		};
		4D2A32C31D5624FA0086D43C /* PBXContainerItemProxy */ = {
			isa = PBXContainerItemProxy;
			containerPortal = 4D2A32981D5624F90086D43C /* Project object */;
			proxyType = 1;
			remoteGlobalIDString = 4D2A329F1D5624F90086D43C;
			remoteInfo = Skeleton;
		};
/* End PBXContainerItemProxy section */

/* Begin PBXFileReference section */
		4D2A32A01D5624F90086D43C /* Skeleton.app */ = {isa = PBXFileReference; explicitFileType = wrapper.application; includeInIndex = 0; path = Skeleton.app; sourceTree = BUILT_PRODUCTS_DIR; };
		4D2A32A31D5624F90086D43C /* AppDelegate.swift */ = {isa = PBXFileReference; lastKnownFileType = sourcecode.swift; path = AppDelegate.swift; sourceTree = "<group>"; };
		4D2A32A51D5624F90086D43C /* ViewController.swift */ = {isa = PBXFileReference; lastKnownFileType = sourcecode.swift; path = ViewController.swift; sourceTree = "<group>"; };
		4D2A32A81D5624FA0086D43C /* Base */ = {isa = PBXFileReference; lastKnownFileType = file.storyboard; name = Base; path = Base.lproj/Main.storyboard; sourceTree = "<group>"; };
		4D2A32AB1D5624FA0086D43C /* Skeleton.xcdatamodel */ = {isa = PBXFileReference; lastKnownFileType = wrapper.xcdatamodel; path = Skeleton.xcdatamodel; sourceTree = "<group>"; };
		4D2A32AD1D5624FA0086D43C /* Assets.xcassets */ = {isa = PBXFileReference; lastKnownFileType = folder.assetcatalog; path = Assets.xcassets; sourceTree = "<group>"; };
		4D2A32B01D5624FA0086D43C /* Base */ = {isa = PBXFileReference; lastKnownFileType = file.storyboard; name = Base; path = Base.lproj/LaunchScreen.storyboard; sourceTree = "<group>"; };
		4D2A32B21D5624FA0086D43C /* Info.plist */ = {isa = PBXFileReference; lastKnownFileType = text.plist.xml; path = Info.plist; sourceTree = "<group>"; };
		4D2A32B71D5624FA0086D43C /* SkeletonTests.xctest */ = {isa = PBXFileReference; explicitFileType = wrapper.cfbundle; includeInIndex = 0; path = SkeletonTests.xctest; sourceTree = BUILT_PRODUCTS_DIR; };
		4D2A32BB1D5624FA0086D43C /* SkeletonTests.swift */ = {isa = PBXFileReference; lastKnownFileType = sourcecode.swift; path = SkeletonTests.swift; sourceTree = "<group>"; };
		4D2A32BD1D5624FA0086D43C /* Info.plist */ = {isa = PBXFileReference; lastKnownFileType = text.plist.xml; path = Info.plist; sourceTree = "<group>"; };
		4D2A32C21D5624FA0086D43C /* SkeletonUITests.xctest */ = {isa = PBXFileReference; explicitFileType = wrapper.cfbundle; includeInIndex = 0; path = SkeletonUITests.xctest; sourceTree = BUILT_PRODUCTS_DIR; };
		4D2A32C61D5624FA0086D43C /* SkeletonUITests.swift */ = {isa = PBXFileReference; lastKnownFileType = sourcecode.swift; path = SkeletonUITests.swift; sourceTree = "<group>"; };
		4D2A32C81D5624FA0086D43C /* Info.plist */ = {isa = PBXFileReference; lastKnownFileType = text.plist.xml; path = Info.plist; sourceTree = "<group>"; };
		4D2A32D41D5631620086D43C /* StoreManager.swift */ = {isa = PBXFileReference; fileEncoding = 4; lastKnownFileType = sourcecode.swift; path = StoreManager.swift; sourceTree = "<group>"; };
		4D2A32D61D5631B10086D43C /* Log.swift */ = {isa = PBXFileReference; fileEncoding = 4; lastKnownFileType = sourcecode.swift; path = Log.swift; sourceTree = "<group>"; };
		4D2A32D81D5631DC0086D43C /* Memory.swift */ = {isa = PBXFileReference; fileEncoding = 4; lastKnownFileType = sourcecode.swift; path = Memory.swift; sourceTree = "<group>"; };
		4D2A32DA1D5632040086D43C /* Config.swift */ = {isa = PBXFileReference; fileEncoding = 4; lastKnownFileType = sourcecode.swift; path = Config.swift; sourceTree = "<group>"; };
		4D2A32DC1D5632E30086D43C /* MemoryMonitor.swift */ = {isa = PBXFileReference; fileEncoding = 4; lastKnownFileType = sourcecode.swift; path = MemoryMonitor.swift; sourceTree = "<group>"; };
		4D2A32DE1D5633130086D43C /* Alerts.swift */ = {isa = PBXFileReference; fileEncoding = 4; lastKnownFileType = sourcecode.swift; path = Alerts.swift; sourceTree = "<group>"; };
		4D2A32E01D56342C0086D43C /* Controller.swift */ = {isa = PBXFileReference; fileEncoding = 4; lastKnownFileType = sourcecode.swift; path = Controller.swift; sourceTree = "<group>"; };
		4D2A32E21D5634620086D43C /* OnTap.swift */ = {isa = PBXFileReference; fileEncoding = 4; lastKnownFileType = sourcecode.swift; path = OnTap.swift; sourceTree = "<group>"; };
		4D2A32E41D5634870086D43C /* Named.swift */ = {isa = PBXFileReference; fileEncoding = 4; lastKnownFileType = sourcecode.swift; path = Named.swift; sourceTree = "<group>"; };
		4D2A32E61D564F1A0086D43C /* Buttons.swift */ = {isa = PBXFileReference; fileEncoding = 4; lastKnownFileType = sourcecode.swift; path = Buttons.swift; sourceTree = "<group>"; };
		4D2A32E81D564FA00086D43C /* TextButton.swift */ = {isa = PBXFileReference; fileEncoding = 4; lastKnownFileType = sourcecode.swift; path = TextButton.swift; sourceTree = "<group>"; };
		4D2A32EA1D564FCC0086D43C /* Sized.swift */ = {isa = PBXFileReference; fileEncoding = 4; lastKnownFileType = sourcecode.swift; path = Sized.swift; sourceTree = "<group>"; };
		4D2A32EC1D5650010086D43C /* Fonts.swift */ = {isa = PBXFileReference; fileEncoding = 4; lastKnownFileType = sourcecode.swift; path = Fonts.swift; sourceTree = "<group>"; };
		4D2A32EE1D5650980086D43C /* Layout.swift */ = {isa = PBXFileReference; fileEncoding = 4; lastKnownFileType = sourcecode.swift; path = Layout.swift; sourceTree = "<group>"; };
		4D2A32F01D5652800086D43C /* Windows.swift */ = {isa = PBXFileReference; fileEncoding = 4; lastKnownFileType = sourcecode.swift; path = Windows.swift; sourceTree = "<group>"; };
		4D2A32F21D5652E30086D43C /* WindowExtensions.swift */ = {isa = PBXFileReference; fileEncoding = 4; lastKnownFileType = sourcecode.swift; path = WindowExtensions.swift; sourceTree = "<group>"; };
		4D2A32F41D5653290086D43C /* InstanceCounter.swift */ = {isa = PBXFileReference; fileEncoding = 4; lastKnownFileType = sourcecode.swift; path = InstanceCounter.swift; sourceTree = "<group>"; };
		4D2A32F61D5656650086D43C /* Colors.swift */ = {isa = PBXFileReference; fileEncoding = 4; lastKnownFileType = sourcecode.swift; path = Colors.swift; sourceTree = "<group>"; };
/* End PBXFileReference section */

/* Begin PBXFrameworksBuildPhase section */
		4D2A329D1D5624F90086D43C /* Frameworks */ = {
			isa = PBXFrameworksBuildPhase;
			buildActionMask = 2147483647;
			files = (
			);
			runOnlyForDeploymentPostprocessing = 0;
		};
		4D2A32B41D5624FA0086D43C /* Frameworks */ = {
			isa = PBXFrameworksBuildPhase;
			buildActionMask = 2147483647;
			files = (
			);
			runOnlyForDeploymentPostprocessing = 0;
		};
		4D2A32BF1D5624FA0086D43C /* Frameworks */ = {
			isa = PBXFrameworksBuildPhase;
			buildActionMask = 2147483647;
			files = (
			);
			runOnlyForDeploymentPostprocessing = 0;
		};
/* End PBXFrameworksBuildPhase section */

/* Begin PBXGroup section */
		4D2A32971D5624F90086D43C = {
			isa = PBXGroup;
			children = (
				4D2A32A21D5624F90086D43C /* Skeleton */,
				4D2A32BA1D5624FA0086D43C /* SkeletonTests */,
				4D2A32C51D5624FA0086D43C /* SkeletonUITests */,
				4D2A32A11D5624F90086D43C /* Products */,
			);
			sourceTree = "<group>";
		};
		4D2A32A11D5624F90086D43C /* Products */ = {
			isa = PBXGroup;
			children = (
				4D2A32A01D5624F90086D43C /* Skeleton.app */,
				4D2A32B71D5624FA0086D43C /* SkeletonTests.xctest */,
				4D2A32C21D5624FA0086D43C /* SkeletonUITests.xctest */,
			);
			name = Products;
			sourceTree = "<group>";
		};
		4D2A32A21D5624F90086D43C /* Skeleton */ = {
			isa = PBXGroup;
			children = (
				4D2A32A31D5624F90086D43C /* AppDelegate.swift */,
				4D2A32A51D5624F90086D43C /* ViewController.swift */,
				4D2A32A71D5624FA0086D43C /* Main.storyboard */,
				4D2A32AD1D5624FA0086D43C /* Assets.xcassets */,
				4D2A32AF1D5624FA0086D43C /* LaunchScreen.storyboard */,
				4D2A32B21D5624FA0086D43C /* Info.plist */,
				4D2A32AA1D5624FA0086D43C /* Skeleton.xcdatamodeld */,
				4D2A32D41D5631620086D43C /* StoreManager.swift */,
				4D2A32D61D5631B10086D43C /* Log.swift */,
				4D2A32D81D5631DC0086D43C /* Memory.swift */,
				4D2A32DA1D5632040086D43C /* Config.swift */,
				4D2A32DC1D5632E30086D43C /* MemoryMonitor.swift */,
				4D2A32DE1D5633130086D43C /* Alerts.swift */,
				4D2A32E01D56342C0086D43C /* Controller.swift */,
				4D2A32E21D5634620086D43C /* OnTap.swift */,
				4D2A32E41D5634870086D43C /* Named.swift */,
				4D2A32E61D564F1A0086D43C /* Buttons.swift */,
				4D2A32E81D564FA00086D43C /* TextButton.swift */,
				4D2A32EA1D564FCC0086D43C /* Sized.swift */,
				4D2A32EC1D5650010086D43C /* Fonts.swift */,
				4D2A32EE1D5650980086D43C /* Layout.swift */,
				4D2A32F01D5652800086D43C /* Windows.swift */,
				4D2A32F21D5652E30086D43C /* WindowExtensions.swift */,
				4D2A32F41D5653290086D43C /* InstanceCounter.swift */,
				4D2A32F61D5656650086D43C /* Colors.swift */,
			);
			path = Skeleton;
			sourceTree = "<group>";
		};
		4D2A32BA1D5624FA0086D43C /* SkeletonTests */ = {
			isa = PBXGroup;
			children = (
				4D2A32BB1D5624FA0086D43C /* SkeletonTests.swift */,
				4D2A32BD1D5624FA0086D43C /* Info.plist */,
			);
			path = SkeletonTests;
			sourceTree = "<group>";
		};
		4D2A32C51D5624FA0086D43C /* SkeletonUITests */ = {
			isa = PBXGroup;
			children = (
				4D2A32C61D5624FA0086D43C /* SkeletonUITests.swift */,
				4D2A32C81D5624FA0086D43C /* Info.plist */,
			);
			path = SkeletonUITests;
			sourceTree = "<group>";
		};
/* End PBXGroup section */

/* Begin PBXNativeTarget section */
		4D2A329F1D5624F90086D43C /* Skeleton */ = {
			isa = PBXNativeTarget;
			buildConfigurationList = 4D2A32CB1D5624FA0086D43C /* Build configuration list for PBXNativeTarget "Skeleton" */;
			buildPhases = (
				4D2A329C1D5624F90086D43C /* Sources */,
				4D2A329D1D5624F90086D43C /* Frameworks */,
				4D2A329E1D5624F90086D43C /* Resources */,
			);
			buildRules = (
			);
			dependencies = (
			);
			name = Skeleton;
			productName = Skeleton;
			productReference = 4D2A32A01D5624F90086D43C /* Skeleton.app */;
			productType = "com.apple.product-type.application";
		};
		4D2A32B61D5624FA0086D43C /* SkeletonTests */ = {
			isa = PBXNativeTarget;
			buildConfigurationList = 4D2A32CE1D5624FA0086D43C /* Build configuration list for PBXNativeTarget "SkeletonTests" */;
			buildPhases = (
				4D2A32B31D5624FA0086D43C /* Sources */,
				4D2A32B41D5624FA0086D43C /* Frameworks */,
				4D2A32B51D5624FA0086D43C /* Resources */,
			);
			buildRules = (
			);
			dependencies = (
				4D2A32B91D5624FA0086D43C /* PBXTargetDependency */,
			);
			name = SkeletonTests;
			productName = SkeletonTests;
			productReference = 4D2A32B71D5624FA0086D43C /* SkeletonTests.xctest */;
			productType = "com.apple.product-type.bundle.unit-test";
		};
		4D2A32C11D5624FA0086D43C /* SkeletonUITests */ = {
			isa = PBXNativeTarget;
			buildConfigurationList = 4D2A32D11D5624FA0086D43C /* Build configuration list for PBXNativeTarget "SkeletonUITests" */;
			buildPhases = (
				4D2A32BE1D5624FA0086D43C /* Sources */,
				4D2A32BF1D5624FA0086D43C /* Frameworks */,
				4D2A32C01D5624FA0086D43C /* Resources */,
			);
			buildRules = (
			);
			dependencies = (
				4D2A32C41D5624FA0086D43C /* PBXTargetDependency */,
			);
			name = SkeletonUITests;
			productName = SkeletonUITests;
			productReference = 4D2A32C21D5624FA0086D43C /* SkeletonUITests.xctest */;
			productType = "com.apple.product-type.bundle.ui-testing";
		};
/* End PBXNativeTarget section */

/* Begin PBXProject section */
		4D2A32981D5624F90086D43C /* Project object */ = {
			isa = PBXProject;
			attributes = {
				LastSwiftUpdateCheck = 0730;
				LastUpgradeCheck = 0730;
				ORGANIZATIONNAME = cve;
				TargetAttributes = {
					4D2A329F1D5624F90086D43C = {
						CreatedOnToolsVersion = 7.3;
					};
					4D2A32B61D5624FA0086D43C = {
						CreatedOnToolsVersion = 7.3;
						TestTargetID = 4D2A329F1D5624F90086D43C;
					};
					4D2A32C11D5624FA0086D43C = {
						CreatedOnToolsVersion = 7.3;
						TestTargetID = 4D2A329F1D5624F90086D43C;
					};
				};
			};
			buildConfigurationList = 4D2A329B1D5624F90086D43C /* Build configuration list for PBXProject "Skeleton" */;
			compatibilityVersion = "Xcode 6.3";
			developmentRegion = English;
			hasScannedForEncodings = 0;
			knownRegions = (
				en,
				Base,
			);
			mainGroup = 4D2A32971D5624F90086D43C;
			productRefGroup = 4D2A32A11D5624F90086D43C /* Products */;
			projectDirPath = "";
			projectRoot = "";
			targets = (
				4D2A329F1D5624F90086D43C /* Skeleton */,
				4D2A32B61D5624FA0086D43C /* SkeletonTests */,
				4D2A32C11D5624FA0086D43C /* SkeletonUITests */,
			);
		};
/* End PBXProject section */

/* Begin PBXResourcesBuildPhase section */
		4D2A329E1D5624F90086D43C /* Resources */ = {
			isa = PBXResourcesBuildPhase;
			buildActionMask = 2147483647;
			files = (
				4D2A32B11D5624FA0086D43C /* LaunchScreen.storyboard in Resources */,
				4D2A32AE1D5624FA0086D43C /* Assets.xcassets in Resources */,
				4D2A32A91D5624FA0086D43C /* Main.storyboard in Resources */,
			);
			runOnlyForDeploymentPostprocessing = 0;
		};
		4D2A32B51D5624FA0086D43C /* Resources */ = {
			isa = PBXResourcesBuildPhase;
			buildActionMask = 2147483647;
			files = (
			);
			runOnlyForDeploymentPostprocessing = 0;
		};
		4D2A32C01D5624FA0086D43C /* Resources */ = {
			isa = PBXResourcesBuildPhase;
			buildActionMask = 2147483647;
			files = (
			);
			runOnlyForDeploymentPostprocessing = 0;
		};
/* End PBXResourcesBuildPhase section */

/* Begin PBXSourcesBuildPhase section */
		4D2A329C1D5624F90086D43C /* Sources */ = {
			isa = PBXSourcesBuildPhase;
			buildActionMask = 2147483647;
			files = (
				4D2A32ED1D5650010086D43C /* Fonts.swift in Sources */,
				4D2A32F11D5652800086D43C /* Windows.swift in Sources */,
				4D2A32EF1D5650980086D43C /* Layout.swift in Sources */,
				4D2A32D91D5631DC0086D43C /* Memory.swift in Sources */,
				4D2A32A61D5624F90086D43C /* ViewController.swift in Sources */,
				4D2A32E91D564FA00086D43C /* TextButton.swift in Sources */,
				4D2A32D51D5631620086D43C /* StoreManager.swift in Sources */,
				4D2A32E71D564F1A0086D43C /* Buttons.swift in Sources */,
				4D2A32DB1D5632040086D43C /* Config.swift in Sources */,
				4D2A32F31D5652E30086D43C /* WindowExtensions.swift in Sources */,
				4D2A32F71D5656650086D43C /* Colors.swift in Sources */,
				4D2A32D71D5631B10086D43C /* Log.swift in Sources */,
				4D2A32EB1D564FCC0086D43C /* Sized.swift in Sources */,
				4D2A32E11D56342C0086D43C /* Controller.swift in Sources */,
				4D2A32F51D5653290086D43C /* InstanceCounter.swift in Sources */,
				4D2A32A41D5624F90086D43C /* AppDelegate.swift in Sources */,
				4D2A32E51D5634870086D43C /* Named.swift in Sources */,
				4D2A32AC1D5624FA0086D43C /* Skeleton.xcdatamodeld in Sources */,
				4D2A32DF1D5633130086D43C /* Alerts.swift in Sources */,
				4D2A32DD1D5632E30086D43C /* MemoryMonitor.swift in Sources */,
				4D2A32E31D5634620086D43C /* OnTap.swift in Sources */,
			);
			runOnlyForDeploymentPostprocessing = 0;
		};
		4D2A32B31D5624FA0086D43C /* Sources */ = {
			isa = PBXSourcesBuildPhase;
			buildActionMask = 2147483647;
			files = (
				4D2A32BC1D5624FA0086D43C /* SkeletonTests.swift in Sources */,
			);
			runOnlyForDeploymentPostprocessing = 0;
		};
		4D2A32BE1D5624FA0086D43C /* Sources */ = {
			isa = PBXSourcesBuildPhase;
			buildActionMask = 2147483647;
			files = (
				4D2A32C71D5624FA0086D43C /* SkeletonUITests.swift in Sources */,
			);
			runOnlyForDeploymentPostprocessing = 0;
		};
/* End PBXSourcesBuildPhase section */

/* Begin PBXTargetDependency section */
		4D2A32B91D5624FA0086D43C /* PBXTargetDependency */ = {
			isa = PBXTargetDependency;
			target = 4D2A329F1D5624F90086D43C /* Skeleton */;
			targetProxy = 4D2A32B81D5624FA0086D43C /* PBXContainerItemProxy */;
		};
		4D2A32C41D5624FA0086D43C /* PBXTargetDependency */ = {
			isa = PBXTargetDependency;
			target = 4D2A329F1D5624F90086D43C /* Skeleton */;
			targetProxy = 4D2A32C31D5624FA0086D43C /* PBXContainerItemProxy */;
		};
/* End PBXTargetDependency section */

/* Begin PBXVariantGroup section */
		4D2A32A71D5624FA0086D43C /* Main.storyboard */ = {
			isa = PBXVariantGroup;
			children = (
				4D2A32A81D5624FA0086D43C /* Base */,
			);
			name = Main.storyboard;
			sourceTree = "<group>";
		};
		4D2A32AF1D5624FA0086D43C /* LaunchScreen.storyboard */ = {
			isa = PBXVariantGroup;
			children = (
				4D2A32B01D5624FA0086D43C /* Base */,
			);
			name = LaunchScreen.storyboard;
			sourceTree = "<group>";
		};
/* End PBXVariantGroup section */

/* Begin XCBuildConfiguration section */
		4D2A32C91D5624FA0086D43C /* Debug */ = {
			isa = XCBuildConfiguration;
			buildSettings = {
				ALWAYS_SEARCH_USER_PATHS = NO;
				CLANG_ANALYZER_NONNULL = YES;
				CLANG_CXX_LANGUAGE_STANDARD = "gnu++0x";
				CLANG_CXX_LIBRARY = "libc++";
				CLANG_ENABLE_MODULES = YES;
				CLANG_ENABLE_OBJC_ARC = YES;
				CLANG_WARN_BOOL_CONVERSION = YES;
				CLANG_WARN_CONSTANT_CONVERSION = YES;
				CLANG_WARN_DIRECT_OBJC_ISA_USAGE = YES_ERROR;
				CLANG_WARN_EMPTY_BODY = YES;
				CLANG_WARN_ENUM_CONVERSION = YES;
				CLANG_WARN_INT_CONVERSION = YES;
				CLANG_WARN_OBJC_ROOT_CLASS = YES_ERROR;
				CLANG_WARN_UNREACHABLE_CODE = YES;
				CLANG_WARN__DUPLICATE_METHOD_MATCH = YES;
				"CODE_SIGN_IDENTITY[sdk=iphoneos*]" = "iPhone Developer";
				COPY_PHASE_STRIP = NO;
				DEBUG_INFORMATION_FORMAT = dwarf;
				ENABLE_STRICT_OBJC_MSGSEND = YES;
				ENABLE_TESTABILITY = YES;
				GCC_C_LANGUAGE_STANDARD = gnu99;
				GCC_DYNAMIC_NO_PIC = NO;
				GCC_NO_COMMON_BLOCKS = YES;
				GCC_OPTIMIZATION_LEVEL = 0;
				GCC_PREPROCESSOR_DEFINITIONS = (
					"DEBUG=1",
					"$(inherited)",
				);
				GCC_WARN_64_TO_32_BIT_CONVERSION = YES;
				GCC_WARN_ABOUT_RETURN_TYPE = YES_ERROR;
				GCC_WARN_UNDECLARED_SELECTOR = YES;
				GCC_WARN_UNINITIALIZED_AUTOS = YES_AGGRESSIVE;
				GCC_WARN_UNUSED_FUNCTION = YES;
				GCC_WARN_UNUSED_VARIABLE = YES;
				IPHONEOS_DEPLOYMENT_TARGET = 9.3;
				MTL_ENABLE_DEBUG_INFO = YES;
				ONLY_ACTIVE_ARCH = YES;
				SDKROOT = iphoneos;
				SWIFT_OPTIMIZATION_LEVEL = "-Onone";
				TARGETED_DEVICE_FAMILY = "1,2";
			};
			name = Debug;
		};
		4D2A32CA1D5624FA0086D43C /* Release */ = {
			isa = XCBuildConfiguration;
			buildSettings = {
				ALWAYS_SEARCH_USER_PATHS = NO;
				CLANG_ANALYZER_NONNULL = YES;
				CLANG_CXX_LANGUAGE_STANDARD = "gnu++0x";
				CLANG_CXX_LIBRARY = "libc++";
				CLANG_ENABLE_MODULES = YES;
				CLANG_ENABLE_OBJC_ARC = YES;
				CLANG_WARN_BOOL_CONVERSION = YES;
				CLANG_WARN_CONSTANT_CONVERSION = YES;
				CLANG_WARN_DIRECT_OBJC_ISA_USAGE = YES_ERROR;
				CLANG_WARN_EMPTY_BODY = YES;
				CLANG_WARN_ENUM_CONVERSION = YES;
				CLANG_WARN_INT_CONVERSION = YES;
				CLANG_WARN_OBJC_ROOT_CLASS = YES_ERROR;
				CLANG_WARN_UNREACHABLE_CODE = YES;
				CLANG_WARN__DUPLICATE_METHOD_MATCH = YES;
				"CODE_SIGN_IDENTITY[sdk=iphoneos*]" = "iPhone Developer";
				COPY_PHASE_STRIP = NO;
				DEBUG_INFORMATION_FORMAT = "dwarf-with-dsym";
				ENABLE_NS_ASSERTIONS = NO;
				ENABLE_STRICT_OBJC_MSGSEND = YES;
				GCC_C_LANGUAGE_STANDARD = gnu99;
				GCC_NO_COMMON_BLOCKS = YES;
				GCC_WARN_64_TO_32_BIT_CONVERSION = YES;
				GCC_WARN_ABOUT_RETURN_TYPE = YES_ERROR;
				GCC_WARN_UNDECLARED_SELECTOR = YES;
				GCC_WARN_UNINITIALIZED_AUTOS = YES_AGGRESSIVE;
				GCC_WARN_UNUSED_FUNCTION = YES;
				GCC_WARN_UNUSED_VARIABLE = YES;
				IPHONEOS_DEPLOYMENT_TARGET = 9.3;
				MTL_ENABLE_DEBUG_INFO = NO;
				SDKROOT = iphoneos;
				TARGETED_DEVICE_FAMILY = "1,2";
				VALIDATE_PRODUCT = YES;
			};
			name = Release;
		};
		4D2A32CC1D5624FA0086D43C /* Debug */ = {
			isa = XCBuildConfiguration;
			buildSettings = {
				ASSETCATALOG_COMPILER_APPICON_NAME = AppIcon;
				INFOPLIST_FILE = Skeleton/Info.plist;
				LD_RUNPATH_SEARCH_PATHS = "$(inherited) @executable_path/Frameworks";
				PRODUCT_BUNDLE_IDENTIFIER = com.cve.Skeleton;
				PRODUCT_NAME = "$(TARGET_NAME)";
			};
			name = Debug;
		};
		4D2A32CD1D5624FA0086D43C /* Release */ = {
			isa = XCBuildConfiguration;
			buildSettings = {
				ASSETCATALOG_COMPILER_APPICON_NAME = AppIcon;
				INFOPLIST_FILE = Skeleton/Info.plist;
				LD_RUNPATH_SEARCH_PATHS = "$(inherited) @executable_path/Frameworks";
				PRODUCT_BUNDLE_IDENTIFIER = com.cve.Skeleton;
				PRODUCT_NAME = "$(TARGET_NAME)";
			};
			name = Release;
		};
		4D2A32CF1D5624FA0086D43C /* Debug */ = {
			isa = XCBuildConfiguration;
			buildSettings = {
				BUNDLE_LOADER = "$(TEST_HOST)";
				INFOPLIST_FILE = SkeletonTests/Info.plist;
				LD_RUNPATH_SEARCH_PATHS = "$(inherited) @executable_path/Frameworks @loader_path/Frameworks";
				PRODUCT_BUNDLE_IDENTIFIER = com.cve.SkeletonTests;
				PRODUCT_NAME = "$(TARGET_NAME)";
				TEST_HOST = "$(BUILT_PRODUCTS_DIR)/Skeleton.app/Skeleton";
			};
			name = Debug;
		};
		4D2A32D01D5624FA0086D43C /* Release */ = {
			isa = XCBuildConfiguration;
			buildSettings = {
				BUNDLE_LOADER = "$(TEST_HOST)";
				INFOPLIST_FILE = SkeletonTests/Info.plist;
				LD_RUNPATH_SEARCH_PATHS = "$(inherited) @executable_path/Frameworks @loader_path/Frameworks";
				PRODUCT_BUNDLE_IDENTIFIER = com.cve.SkeletonTests;
				PRODUCT_NAME = "$(TARGET_NAME)";
				TEST_HOST = "$(BUILT_PRODUCTS_DIR)/Skeleton.app/Skeleton";
			};
			name = Release;
		};
		4D2A32D21D5624FA0086D43C /* Debug */ = {
			isa = XCBuildConfiguration;
			buildSettings = {
				INFOPLIST_FILE = SkeletonUITests/Info.plist;
				LD_RUNPATH_SEARCH_PATHS = "$(inherited) @executable_path/Frameworks @loader_path/Frameworks";
				PRODUCT_BUNDLE_IDENTIFIER = com.cve.SkeletonUITests;
				PRODUCT_NAME = "$(TARGET_NAME)";
				TEST_TARGET_NAME = Skeleton;
			};
			name = Debug;
		};
		4D2A32D31D5624FA0086D43C /* Release */ = {
			isa = XCBuildConfiguration;
			buildSettings = {
				INFOPLIST_FILE = SkeletonUITests/Info.plist;
				LD_RUNPATH_SEARCH_PATHS = "$(inherited) @executable_path/Frameworks @loader_path/Frameworks";
				PRODUCT_BUNDLE_IDENTIFIER = com.cve.SkeletonUITests;
				PRODUCT_NAME = "$(TARGET_NAME)";
				TEST_TARGET_NAME = Skeleton;
			};
			name = Release;
		};
/* End XCBuildConfiguration section */

/* Begin XCConfigurationList section */
		4D2A329B1D5624F90086D43C /* Build configuration list for PBXProject "Skeleton" */ = {
			isa = XCConfigurationList;
			buildConfigurations = (
				4D2A32C91D5624FA0086D43C /* Debug */,
				4D2A32CA1D5624FA0086D43C /* Release */,
			);
			defaultConfigurationIsVisible = 0;
			defaultConfigurationName = Release;
		};
		4D2A32CB1D5624FA0086D43C /* Build configuration list for PBXNativeTarget "Skeleton" */ = {
			isa = XCConfigurationList;
			buildConfigurations = (
				4D2A32CC1D5624FA0086D43C /* Debug */,
				4D2A32CD1D5624FA0086D43C /* Release */,
			);
			defaultConfigurationIsVisible = 0;
		};
		4D2A32CE1D5624FA0086D43C /* Build configuration list for PBXNativeTarget "SkeletonTests" */ = {
			isa = XCConfigurationList;
			buildConfigurations = (
				4D2A32CF1D5624FA0086D43C /* Debug */,
				4D2A32D01D5624FA0086D43C /* Release */,
			);
			defaultConfigurationIsVisible = 0;
		};
		4D2A32D11D5624FA0086D43C /* Build configuration list for PBXNativeTarget "SkeletonUITests" */ = {
			isa = XCConfigurationList;
			buildConfigurations = (
				4D2A32D21D5624FA0086D43C /* Debug */,
				4D2A32D31D5624FA0086D43C /* Release */,
			);
			defaultConfigurationIsVisible = 0;
		};
/* End XCConfigurationList section */

/* Begin XCVersionGroup section */
		4D2A32AA1D5624FA0086D43C /* Skeleton.xcdatamodeld */ = {
			isa = XCVersionGroup;
			children = (
				4D2A32AB1D5624FA0086D43C /* Skeleton.xcdatamodel */,
			);
			currentVersion = 4D2A32AB1D5624FA0086D43C /* Skeleton.xcdatamodel */;
			path = Skeleton.xcdatamodeld;
			sourceTree = "<group>";
			versionGroupType = wrapper.xcdatamodel;
		};
/* End XCVersionGroup section */
	};
	rootObject = 4D2A32981D5624F90086D43C /* Project object */;
}
